
Microsoft Visual Studio Solution File, Format Version 12.00
# Visual Studio Version 17
VisualStudioVersion = 17.11.35208.52
MinimumVisualStudioVersion = 10.0.40219.1
Project("{9A19103F-16F7-4668-BE54-9A1E7A4F7556}") = "CodeSmellKata", "CodeSmellKata\CodeSmellKata.csproj", "{5D03BF66-0511-4E13-BE8E-57F0F2274E8E}"
EndProject
Project("{9A19103F-16F7-4668-BE54-9A1E7A4F7556}") = "SimplifyConditionalExpressions", "Chap9-SimplifyConditionalExpressions\SimplifyConditionalExpressions.csproj", "{5E369526-C920-4013-9F1F-7CCC6D112359}"
EndProject
Project("{2150E333-8FDC-42A3-9474-1A3956D46DE8}") = "Chap09-SimplifyConditionalExpressions", "Chap09-SimplifyConditionalExpressions", "{28EBFA2D-3A87-42DE-9EA1-2EF1793102C2}"
EndProject
Project("{2150E333-8FDC-42A3-9474-1A3956D46DE8}") = "Chap06-ComposingMethods", "Chap06-ComposingMethods", "{942986B0-2EA2-45DA-A9B6-A36AB9439CFD}"
EndProject
Project("{9A19103F-16F7-4668-BE54-9A1E7A4F7556}") = "Tip1-ExtractMethod", "Chap6-ComposingMethods\Tip1-ExtractMethod\Tip1-ExtractMethod.csproj", "{8E887A60-1719-4E70-9138-03C04412697E}"
EndProject
Project("{9A19103F-16F7-4668-BE54-9A1E7A4F7556}") = "Tip2-InlineMethod", "Chap6-ComposingMethods\Tip2-InlineMethod\Tip2-InlineMethod.csproj", "{B32E3089-319F-474E-BB59-CB704F8F0348}"
EndProject
Project("{9A19103F-16F7-4668-BE54-9A1E7A4F7556}") = "Tip3-InlineTemp", "Chap6-ComposingMethods\Tip3-InlineTemp\Tip3-InlineTemp.csproj", "{CA1650CD-7860-43DE-A826-8FAC0710EA38}"
EndProject
Project("{9A19103F-16F7-4668-BE54-9A1E7A4F7556}") = "Tip4-ReplaceTempwithQuery", "Chap6-ComposingMethods\Tip4-ReplaceTempwithQuery\Tip4-ReplaceTempwithQuery.csproj", "{DBC063FA-D5AE-4F64-A957-610EF579F93F}"
EndProject
Project("{9A19103F-16F7-4668-BE54-9A1E7A4F7556}") = "Tip5-IntroduceExplainingVariable", "Chap6-ComposingMethods\Tip5-IntroduceExplainingVariable\Tip5-IntroduceExplainingVariable.csproj", "{81D14D97-321C-4F34-B16D-99FAC6F51495}"
EndProject
Project("{9A19103F-16F7-4668-BE54-9A1E7A4F7556}") = "Tip6-SplitTemporaryVariable", "Chap6-ComposingMethods\Tip6-SplitTemporaryVariable\Tip6-SplitTemporaryVariable.csproj", "{231F92BF-B51B-4998-8351-CA122AAE0994}"
EndProject
Project("{9A19103F-16F7-4668-BE54-9A1E7A4F7556}") = "Tip7-RemoveAssignmentstoParameters", "Chap6-ComposingMethods\Tip7-RemoveAssignmentstoParameters\Tip7-RemoveAssignmentstoParameters.csproj", "{198F3117-CF44-4066-A800-A8B573F5B7CC}"
EndProject
Project("{9A19103F-16F7-4668-BE54-9A1E7A4F7556}") = "Tip8-ReplaceMethodwithMethodObject", "Chap6-ComposingMethods\Tip8-ReplaceMethodwithMethodObject\Tip8-ReplaceMethodwithMethodObject.csproj", "{B54372B0-B0F1-407E-A30B-75E205B48308}"
EndProject
Project("{9A19103F-16F7-4668-BE54-9A1E7A4F7556}") = "Tip9-SubstituteAlgorithm", "Chap6-ComposingMethods\Tip9-SubstituteAlgorithm\Tip9-SubstituteAlgorithm.csproj", "{D0B95614-2C87-4A16-8E0F-64B72B270888}"
EndProject
Project("{2150E333-8FDC-42A3-9474-1A3956D46DE8}") = "Chap07-MovingFeaturesBetweenObjects", "Chap07-MovingFeaturesBetweenObjects", "{613B38D1-C9D1-43F3-9931-7B7BF34F9AAE}"
EndProject
Project("{FAE04EC0-301F-11D3-BF4B-00C04F79EFBC}") = "Tip1-MoveMethod", "Chap7-MovingFeaturesBetweenObjects\Tip1-MoveMethod\Tip1-MoveMethod.csproj", "{5217D64E-753E-4172-B4A9-B97564979A77}"
EndProject
Project("{FAE04EC0-301F-11D3-BF4B-00C04F79EFBC}") = "Tip2-MoveField", "Chap7-MovingFeaturesBetweenObjects\Tip2-MoveField\Tip2-MoveField.csproj", "{C8DE2151-1D42-4907-AC75-CA46FFAD6F4D}"
EndProject
Project("{FAE04EC0-301F-11D3-BF4B-00C04F79EFBC}") = "Tip3-ExtractClass", "Chap7-MovingFeaturesBetweenObjects\Tip3-ExtractClass\Tip3-ExtractClass.csproj", "{A2CE7575-FDB8-44F0-A3E4-0EA53E5E1A09}"
EndProject
Project("{FAE04EC0-301F-11D3-BF4B-00C04F79EFBC}") = "Tip4-InlineClass", "Chap7-MovingFeaturesBetweenObjects\Tip4-InlineClass\Tip4-InlineClass.csproj", "{6BC99ADA-87B7-4EEA-AD67-969654D12E53}"
EndProject
Project("{FAE04EC0-301F-11D3-BF4B-00C04F79EFBC}") = "Tip5-HideDelegate", "Chap7-MovingFeaturesBetweenObjects\Tip5-HideDelegate\Tip5-HideDelegate.csproj", "{DC061D75-FA2B-497D-9EF5-C008D2177553}"
EndProject
Project("{FAE04EC0-301F-11D3-BF4B-00C04F79EFBC}") = "Tip6-RemoveMiddleMan", "Chap7-MovingFeaturesBetweenObjects\Tip6-RemoveMiddleMan\Tip6-RemoveMiddleMan.csproj", "{0AB937FB-2DD1-4561-8092-6170EAE8691C}"
EndProject
Project("{FAE04EC0-301F-11D3-BF4B-00C04F79EFBC}") = "Tip7-IntroduceForeignMethod", "Chap7-MovingFeaturesBetweenObjects\Tip7-IntroduceForeignMethod\Tip7-IntroduceForeignMethod.csproj", "{6204898A-253B-4D83-A14A-547EF44DB4F1}"
EndProject
Project("{FAE04EC0-301F-11D3-BF4B-00C04F79EFBC}") = "Tip8-IntroduceLocalExtension", "Chap7-MovingFeaturesBetweenObjects\Tip8-IntroduceLocalExtension\Tip8-IntroduceLocalExtension.csproj", "{FA0CDE41-DE24-4DC3-B44C-6A51160058B3}"
EndProject
Project("{2150E333-8FDC-42A3-9474-1A3956D46DE8}") = "Chap08-OrganizingData", "Chap08-OrganizingData", "{0AED3CB8-8445-4868-9258-9571CB260487}"
EndProject
Project("{FAE04EC0-301F-11D3-BF4B-00C04F79EFBC}") = "Tip01-SelfEncapsulateField", "Chap8-OrganizingData\Tip1-SelfEncapsulateField\Tip01-SelfEncapsulateField.csproj", "{E55E4737-1A82-4837-8647-2FF28FEFB95C}"
EndProject
Project("{FAE04EC0-301F-11D3-BF4B-00C04F79EFBC}") = "Tip02-ReplaceDataValuewithObject", "Chap8-OrganizingData\Tip2-ReplaceDataValuewithObject\Tip02-ReplaceDataValuewithObject.csproj", "{5B3C6033-0F4D-4621-9327-5C0E49C86D85}"
EndProject
Project("{9A19103F-16F7-4668-BE54-9A1E7A4F7556}") = "Tip03-ChangeValuetoReference", "Chap8-OrganizingData\Tip3-ChangeValuetoReference\Tip03-ChangeValuetoReference.csproj", "{5A5CCEA9-06C0-4A36-8202-338EACA1B0E5}"
EndProject
Project("{9A19103F-16F7-4668-BE54-9A1E7A4F7556}") = "Tip04-ChangeReferencetoValue", "Chap8-OrganizingData\Tip4-ChangeReferencetoValue\Tip04-ChangeReferencetoValue.csproj", "{25D718B1-937C-40AB-B945-A3636E2B7E6F}"
EndProject
Project("{9A19103F-16F7-4668-BE54-9A1E7A4F7556}") = "Tip05-ReplaceArraywithObject", "Chap8-OrganizingData\Tip5-ReplaceArraywithObject\Tip05-ReplaceArraywithObject.csproj", "{1368057C-3D9B-46E3-B916-6AE8DC72FB71}"
EndProject
Project("{9A19103F-16F7-4668-BE54-9A1E7A4F7556}") = "Tip06-DuplicateObservedData", "Chap8-OrganizingData\Tip6-DuplicateObservedData\Tip06-DuplicateObservedData.csproj", "{632E396A-F463-4F78-92B4-936B6D8D4D65}"
EndProject
Project("{9A19103F-16F7-4668-BE54-9A1E7A4F7556}") = "Tip07-ChangeUnidirectionalAssociationtoBidirectional", "Chap8-OrganizingData\Tip7-ChangeUnidirectionalAssociationtoBidirectional\Tip07-ChangeUnidirectionalAssociationtoBidirectional.csproj", "{3CE79F39-7C40-469E-B700-3767E5778C24}"
EndProject
Project("{9A19103F-16F7-4668-BE54-9A1E7A4F7556}") = "Tip08-ChangeBidirectionalAssociationtoUnidirectional", "Chap8-OrganizingData\Tip8-ChangeBidirectionalAssociationtoUnidirectional\Tip08-ChangeBidirectionalAssociationtoUnidirectional.csproj", "{49349203-AD43-492F-9E49-A6C34290E1CA}"
EndProject
Project("{9A19103F-16F7-4668-BE54-9A1E7A4F7556}") = "Tip09-ReplaceMagicNumberwithSymbolicConstant", "Chap8-OrganizingData\Tip9-ReplaceMagicNumberwithSymbolicConstant\Tip09-ReplaceMagicNumberwithSymbolicConstant.csproj", "{4D838824-FA5F-4404-8D43-9A791FC0C1A2}"
EndProject
Project("{9A19103F-16F7-4668-BE54-9A1E7A4F7556}") = "Tip10-EncapsulateField", "Chap8-OrganizingData\Tip10-EncapsulateField\Tip10-EncapsulateField.csproj", "{4A9E033F-EBA2-49EC-ACE9-156620F540BF}"
EndProject
Project("{9A19103F-16F7-4668-BE54-9A1E7A4F7556}") = "Tip11-EncapsulateCollection", "Chap8-OrganizingData\Tip11-EncapsulateCollection\Tip11-EncapsulateCollection.csproj", "{A70AD2BE-20E5-4D4F-802E-1AF53B686093}"
EndProject
Project("{9A19103F-16F7-4668-BE54-9A1E7A4F7556}") = "Tip16-ReplaceSubclasswithFields", "Chap8-OrganizingData\Tip16-ReplaceSubclasswithFields\Tip16-ReplaceSubclasswithFields.csproj", "{984BB731-557A-4AA2-A165-5769B2987534}"
EndProject
Project("{9A19103F-16F7-4668-BE54-9A1E7A4F7556}") = "Tip12-ReplaceRecordwithDataClass", "Chap8-OrganizingData\Tip12-ReplaceRecordwithDataClass\Tip12-ReplaceRecordwithDataClass.csproj", "{F106BBD8-E567-4BF2-A3A6-0E0C08829287}"
EndProject
Project("{9A19103F-16F7-4668-BE54-9A1E7A4F7556}") = "Tip13-ReplaceTypeCodewithClass", "Chap8-OrganizingData\Tip13-ReplaceTypeCodewithClass\Tip13-ReplaceTypeCodewithClass.csproj", "{618999D1-7A1D-41BE-9F91-DAF138EAB7E0}"
EndProject
Project("{9A19103F-16F7-4668-BE54-9A1E7A4F7556}") = "Tip14-ReplaceTypeCodewithSubclasses", "Chap8-OrganizingData\Tip14-ReplaceTypeCodewithSubclasses\Tip14-ReplaceTypeCodewithSubclasses.csproj", "{C7AA3C53-2ED5-4D55-9A7C-81BE5BB9B5BF}"
EndProject
Project("{9A19103F-16F7-4668-BE54-9A1E7A4F7556}") = "Tip15-ReplaceTypeCodewithStateOrStrategy", "Chap8-OrganizingData\Tip15-ReplaceTypeCodewithStateOrStrategy\Tip15-ReplaceTypeCodewithStateOrStrategy.csproj", "{8B9EFB7E-DFE3-46BB-9B60-416624F17E6F}"
EndProject
Project("{2150E333-8FDC-42A3-9474-1A3956D46DE8}") = "Chap10-MakingMethodCallsSimpler", "Chap10-MakingMethodCallsSimpler", "{82DFE5E5-B00B-48DF-8AA0-632EA95A0F18}"
EndProject
Project("{9A19103F-16F7-4668-BE54-9A1E7A4F7556}") = "Tip01-RenameMethod", "Chap10-MakingMethodCallsSimpler\Tip01-RenameMethod\Tip01-RenameMethod.csproj", "{159E3178-51CC-45E2-8DDC-FDF6C6E64AC0}"
EndProject
Project("{9A19103F-16F7-4668-BE54-9A1E7A4F7556}") = "Tip02-AddParameter", "Chap10-MakingMethodCallsSimpler\Tip02-AddParameter\Tip02-AddParameter.csproj", "{4B52A2FF-2912-4E0F-AB86-9D720441F110}"
EndProject
Project("{9A19103F-16F7-4668-BE54-9A1E7A4F7556}") = "Tip03-RemoveParameter", "Chap10-MakingMethodCallsSimpler\Tip03-RemoveParameter\Tip03-RemoveParameter.csproj", "{7DC412DF-9967-4C13-81F5-BBBE348ABB39}"
EndProject
Project("{9A19103F-16F7-4668-BE54-9A1E7A4F7556}") = "Tip04-SeparateQueryfromModifier", "Chap10-MakingMethodCallsSimpler\Tip04-SeparateQueryfromModifier\Tip04-SeparateQueryfromModifier.csproj", "{03C1FC56-9E47-4F34-ADB2-96952ABB24C8}"
EndProject
Project("{9A19103F-16F7-4668-BE54-9A1E7A4F7556}") = "Tip05-ParameterizeMethod", "Chap10-MakingMethodCallsSimpler\Tip05-ParameterizeMethod\Tip05-ParameterizeMethod.csproj", "{2938FC93-D2C2-47B9-918C-4C84E5DA6AEC}"
EndProject
Project("{9A19103F-16F7-4668-BE54-9A1E7A4F7556}") = "Tip07-PreserveWholeObject", "Chap10-MakingMethodCallsSimpler\Tip07-PreserveWholeObject\Tip07-PreserveWholeObject.csproj", "{20D8A20F-A404-47B8-A2C6-A19C75A8F10B}"
EndProject
Project("{9A19103F-16F7-4668-BE54-9A1E7A4F7556}") = "Tip08-ReplaceParameterwithMethod", "Chap10-MakingMethodCallsSimpler\Tip08-ReplaceParameterwithMethod\Tip08-ReplaceParameterwithMethod.csproj", "{FB29A509-4F61-4070-A3B6-51E649ABCC8A}"
EndProject
Project("{9A19103F-16F7-4668-BE54-9A1E7A4F7556}") = "Tip09-IntroduceParameterObject", "Chap10-MakingMethodCallsSimpler\Tip09-IntroduceParameterObject\Tip09-IntroduceParameterObject.csproj", "{FA5AE7A5-5725-43EE-A1C9-3B433D587191}"
EndProject
Project("{9A19103F-16F7-4668-BE54-9A1E7A4F7556}") = "Tip10-RemoveSettingMethod", "Chap10-MakingMethodCallsSimpler\Tip10-RemoveSettingMethod\Tip10-RemoveSettingMethod.csproj", "{423AE1E8-D1D2-4E1E-8E27-2E1A04F5D8D8}"
EndProject
Project("{9A19103F-16F7-4668-BE54-9A1E7A4F7556}") = "Tip11-HideMethod", "Chap10-MakingMethodCallsSimpler\Tip11-HideMethod\Tip11-HideMethod.csproj", "{2FDDB418-ED3D-44E6-A5BF-E9CEBB9437ED}"
EndProject
Project("{9A19103F-16F7-4668-BE54-9A1E7A4F7556}") = "Tip12-ReplaceConstructorwithFactoryMethod", "Chap10-MakingMethodCallsSimpler\Tip12-ReplaceConstructorwithFactoryMethod\Tip12-ReplaceConstructorwithFactoryMethod.csproj", "{190F42CD-2886-4716-9016-6CF535A1598D}"
EndProject
Project("{9A19103F-16F7-4668-BE54-9A1E7A4F7556}") = "Tip14-ReplaceErrorCodewithException", "Chap10-MakingMethodCallsSimpler\Tip14-ReplaceErrorCodewithException\Tip14-ReplaceErrorCodewithException.csproj", "{0ABEA73E-9ECB-409D-A651-E2A1CE36DCA5}"
EndProject
Project("{9A19103F-16F7-4668-BE54-9A1E7A4F7556}") = "Tip15-ReplaceExceptionwithTest", "Chap10-MakingMethodCallsSimpler\Tip15-ReplaceExceptionwithTest\Tip15-ReplaceExceptionwithTest.csproj", "{29D27F73-802A-4B8F-ADEA-283BEF7599AD}"
EndProject
Project("{9A19103F-16F7-4668-BE54-9A1E7A4F7556}") = "Tip06-ReplaceParameterwithExplicitMethods", "Chap10-MakingMethodCallsSimpler\Tip06-ReplaceParameterwithExplicitMethods\Tip06-ReplaceParameterwithExplicitMethods.csproj", "{4937863E-19BD-48E4-B9FC-7DF6193C6790}"
EndProject
Project("{9A19103F-16F7-4668-BE54-9A1E7A4F7556}") = "Tip13-EncapsulateDowncast", "Chap10-MakingMethodCallsSimpler\Tip13-EncapsulateDowncast\Tip13-EncapsulateDowncast.csproj", "{43FFD9E1-8C7C-4608-9995-5453006D9902}"
EndProject
Global
	GlobalSection(SolutionConfigurationPlatforms) = preSolution
		Debug|Any CPU = Debug|Any CPU
		Release|Any CPU = Release|Any CPU
	EndGlobalSection
	GlobalSection(ProjectConfigurationPlatforms) = postSolution
		{5D03BF66-0511-4E13-BE8E-57F0F2274E8E}.Debug|Any CPU.ActiveCfg = Debug|Any CPU
		{5D03BF66-0511-4E13-BE8E-57F0F2274E8E}.Debug|Any CPU.Build.0 = Debug|Any CPU
		{5D03BF66-0511-4E13-BE8E-57F0F2274E8E}.Release|Any CPU.ActiveCfg = Release|Any CPU
		{5D03BF66-0511-4E13-BE8E-57F0F2274E8E}.Release|Any CPU.Build.0 = Release|Any CPU
		{5E369526-C920-4013-9F1F-7CCC6D112359}.Debug|Any CPU.ActiveCfg = Debug|Any CPU
		{5E369526-C920-4013-9F1F-7CCC6D112359}.Debug|Any CPU.Build.0 = Debug|Any CPU
		{5E369526-C920-4013-9F1F-7CCC6D112359}.Release|Any CPU.ActiveCfg = Release|Any CPU
		{5E369526-C920-4013-9F1F-7CCC6D112359}.Release|Any CPU.Build.0 = Release|Any CPU
		{8E887A60-1719-4E70-9138-03C04412697E}.Debug|Any CPU.ActiveCfg = Debug|Any CPU
		{8E887A60-1719-4E70-9138-03C04412697E}.Debug|Any CPU.Build.0 = Debug|Any CPU
		{8E887A60-1719-4E70-9138-03C04412697E}.Release|Any CPU.ActiveCfg = Release|Any CPU
		{8E887A60-1719-4E70-9138-03C04412697E}.Release|Any CPU.Build.0 = Release|Any CPU
		{B32E3089-319F-474E-BB59-CB704F8F0348}.Debug|Any CPU.ActiveCfg = Debug|Any CPU
		{B32E3089-319F-474E-BB59-CB704F8F0348}.Debug|Any CPU.Build.0 = Debug|Any CPU
		{B32E3089-319F-474E-BB59-CB704F8F0348}.Release|Any CPU.ActiveCfg = Release|Any CPU
		{B32E3089-319F-474E-BB59-CB704F8F0348}.Release|Any CPU.Build.0 = Release|Any CPU
		{CA1650CD-7860-43DE-A826-8FAC0710EA38}.Debug|Any CPU.ActiveCfg = Debug|Any CPU
		{CA1650CD-7860-43DE-A826-8FAC0710EA38}.Debug|Any CPU.Build.0 = Debug|Any CPU
		{CA1650CD-7860-43DE-A826-8FAC0710EA38}.Release|Any CPU.ActiveCfg = Release|Any CPU
		{CA1650CD-7860-43DE-A826-8FAC0710EA38}.Release|Any CPU.Build.0 = Release|Any CPU
		{DBC063FA-D5AE-4F64-A957-610EF579F93F}.Debug|Any CPU.ActiveCfg = Debug|Any CPU
		{DBC063FA-D5AE-4F64-A957-610EF579F93F}.Debug|Any CPU.Build.0 = Debug|Any CPU
		{DBC063FA-D5AE-4F64-A957-610EF579F93F}.Release|Any CPU.ActiveCfg = Release|Any CPU
		{DBC063FA-D5AE-4F64-A957-610EF579F93F}.Release|Any CPU.Build.0 = Release|Any CPU
		{81D14D97-321C-4F34-B16D-99FAC6F51495}.Debug|Any CPU.ActiveCfg = Debug|Any CPU
		{81D14D97-321C-4F34-B16D-99FAC6F51495}.Debug|Any CPU.Build.0 = Debug|Any CPU
		{81D14D97-321C-4F34-B16D-99FAC6F51495}.Release|Any CPU.ActiveCfg = Release|Any CPU
		{81D14D97-321C-4F34-B16D-99FAC6F51495}.Release|Any CPU.Build.0 = Release|Any CPU
		{231F92BF-B51B-4998-8351-CA122AAE0994}.Debug|Any CPU.ActiveCfg = Debug|Any CPU
		{231F92BF-B51B-4998-8351-CA122AAE0994}.Debug|Any CPU.Build.0 = Debug|Any CPU
		{231F92BF-B51B-4998-8351-CA122AAE0994}.Release|Any CPU.ActiveCfg = Release|Any CPU
		{231F92BF-B51B-4998-8351-CA122AAE0994}.Release|Any CPU.Build.0 = Release|Any CPU
		{198F3117-CF44-4066-A800-A8B573F5B7CC}.Debug|Any CPU.ActiveCfg = Debug|Any CPU
		{198F3117-CF44-4066-A800-A8B573F5B7CC}.Debug|Any CPU.Build.0 = Debug|Any CPU
		{198F3117-CF44-4066-A800-A8B573F5B7CC}.Release|Any CPU.ActiveCfg = Release|Any CPU
		{198F3117-CF44-4066-A800-A8B573F5B7CC}.Release|Any CPU.Build.0 = Release|Any CPU
		{B54372B0-B0F1-407E-A30B-75E205B48308}.Debug|Any CPU.ActiveCfg = Debug|Any CPU
		{B54372B0-B0F1-407E-A30B-75E205B48308}.Debug|Any CPU.Build.0 = Debug|Any CPU
		{B54372B0-B0F1-407E-A30B-75E205B48308}.Release|Any CPU.ActiveCfg = Release|Any CPU
		{B54372B0-B0F1-407E-A30B-75E205B48308}.Release|Any CPU.Build.0 = Release|Any CPU
		{D0B95614-2C87-4A16-8E0F-64B72B270888}.Debug|Any CPU.ActiveCfg = Debug|Any CPU
		{D0B95614-2C87-4A16-8E0F-64B72B270888}.Debug|Any CPU.Build.0 = Debug|Any CPU
		{D0B95614-2C87-4A16-8E0F-64B72B270888}.Release|Any CPU.ActiveCfg = Release|Any CPU
		{D0B95614-2C87-4A16-8E0F-64B72B270888}.Release|Any CPU.Build.0 = Release|Any CPU
		{5217D64E-753E-4172-B4A9-B97564979A77}.Debug|Any CPU.ActiveCfg = Debug|Any CPU
		{5217D64E-753E-4172-B4A9-B97564979A77}.Debug|Any CPU.Build.0 = Debug|Any CPU
		{5217D64E-753E-4172-B4A9-B97564979A77}.Release|Any CPU.ActiveCfg = Release|Any CPU
		{5217D64E-753E-4172-B4A9-B97564979A77}.Release|Any CPU.Build.0 = Release|Any CPU
		{C8DE2151-1D42-4907-AC75-CA46FFAD6F4D}.Debug|Any CPU.ActiveCfg = Debug|Any CPU
		{C8DE2151-1D42-4907-AC75-CA46FFAD6F4D}.Debug|Any CPU.Build.0 = Debug|Any CPU
		{C8DE2151-1D42-4907-AC75-CA46FFAD6F4D}.Release|Any CPU.ActiveCfg = Release|Any CPU
		{C8DE2151-1D42-4907-AC75-CA46FFAD6F4D}.Release|Any CPU.Build.0 = Release|Any CPU
		{A2CE7575-FDB8-44F0-A3E4-0EA53E5E1A09}.Debug|Any CPU.ActiveCfg = Debug|Any CPU
		{A2CE7575-FDB8-44F0-A3E4-0EA53E5E1A09}.Debug|Any CPU.Build.0 = Debug|Any CPU
		{A2CE7575-FDB8-44F0-A3E4-0EA53E5E1A09}.Release|Any CPU.ActiveCfg = Release|Any CPU
		{A2CE7575-FDB8-44F0-A3E4-0EA53E5E1A09}.Release|Any CPU.Build.0 = Release|Any CPU
		{6BC99ADA-87B7-4EEA-AD67-969654D12E53}.Debug|Any CPU.ActiveCfg = Debug|Any CPU
		{6BC99ADA-87B7-4EEA-AD67-969654D12E53}.Debug|Any CPU.Build.0 = Debug|Any CPU
		{6BC99ADA-87B7-4EEA-AD67-969654D12E53}.Release|Any CPU.ActiveCfg = Release|Any CPU
		{6BC99ADA-87B7-4EEA-AD67-969654D12E53}.Release|Any CPU.Build.0 = Release|Any CPU
		{DC061D75-FA2B-497D-9EF5-C008D2177553}.Debug|Any CPU.ActiveCfg = Debug|Any CPU
		{DC061D75-FA2B-497D-9EF5-C008D2177553}.Debug|Any CPU.Build.0 = Debug|Any CPU
		{DC061D75-FA2B-497D-9EF5-C008D2177553}.Release|Any CPU.ActiveCfg = Release|Any CPU
		{DC061D75-FA2B-497D-9EF5-C008D2177553}.Release|Any CPU.Build.0 = Release|Any CPU
		{0AB937FB-2DD1-4561-8092-6170EAE8691C}.Debug|Any CPU.ActiveCfg = Debug|Any CPU
		{0AB937FB-2DD1-4561-8092-6170EAE8691C}.Debug|Any CPU.Build.0 = Debug|Any CPU
		{0AB937FB-2DD1-4561-8092-6170EAE8691C}.Release|Any CPU.ActiveCfg = Release|Any CPU
		{0AB937FB-2DD1-4561-8092-6170EAE8691C}.Release|Any CPU.Build.0 = Release|Any CPU
		{6204898A-253B-4D83-A14A-547EF44DB4F1}.Debug|Any CPU.ActiveCfg = Debug|Any CPU
		{6204898A-253B-4D83-A14A-547EF44DB4F1}.Debug|Any CPU.Build.0 = Debug|Any CPU
		{6204898A-253B-4D83-A14A-547EF44DB4F1}.Release|Any CPU.ActiveCfg = Release|Any CPU
		{6204898A-253B-4D83-A14A-547EF44DB4F1}.Release|Any CPU.Build.0 = Release|Any CPU
		{FA0CDE41-DE24-4DC3-B44C-6A51160058B3}.Debug|Any CPU.ActiveCfg = Debug|Any CPU
		{FA0CDE41-DE24-4DC3-B44C-6A51160058B3}.Debug|Any CPU.Build.0 = Debug|Any CPU
		{FA0CDE41-DE24-4DC3-B44C-6A51160058B3}.Release|Any CPU.ActiveCfg = Release|Any CPU
		{FA0CDE41-DE24-4DC3-B44C-6A51160058B3}.Release|Any CPU.Build.0 = Release|Any CPU
		{E55E4737-1A82-4837-8647-2FF28FEFB95C}.Debug|Any CPU.ActiveCfg = Debug|Any CPU
		{E55E4737-1A82-4837-8647-2FF28FEFB95C}.Debug|Any CPU.Build.0 = Debug|Any CPU
		{E55E4737-1A82-4837-8647-2FF28FEFB95C}.Release|Any CPU.ActiveCfg = Release|Any CPU
		{E55E4737-1A82-4837-8647-2FF28FEFB95C}.Release|Any CPU.Build.0 = Release|Any CPU
		{5B3C6033-0F4D-4621-9327-5C0E49C86D85}.Debug|Any CPU.ActiveCfg = Debug|Any CPU
		{5B3C6033-0F4D-4621-9327-5C0E49C86D85}.Debug|Any CPU.Build.0 = Debug|Any CPU
		{5B3C6033-0F4D-4621-9327-5C0E49C86D85}.Release|Any CPU.ActiveCfg = Release|Any CPU
		{5B3C6033-0F4D-4621-9327-5C0E49C86D85}.Release|Any CPU.Build.0 = Release|Any CPU
		{5A5CCEA9-06C0-4A36-8202-338EACA1B0E5}.Debug|Any CPU.ActiveCfg = Debug|Any CPU
		{5A5CCEA9-06C0-4A36-8202-338EACA1B0E5}.Debug|Any CPU.Build.0 = Debug|Any CPU
		{5A5CCEA9-06C0-4A36-8202-338EACA1B0E5}.Release|Any CPU.ActiveCfg = Release|Any CPU
		{5A5CCEA9-06C0-4A36-8202-338EACA1B0E5}.Release|Any CPU.Build.0 = Release|Any CPU
		{25D718B1-937C-40AB-B945-A3636E2B7E6F}.Debug|Any CPU.ActiveCfg = Debug|Any CPU
		{25D718B1-937C-40AB-B945-A3636E2B7E6F}.Debug|Any CPU.Build.0 = Debug|Any CPU
		{25D718B1-937C-40AB-B945-A3636E2B7E6F}.Release|Any CPU.ActiveCfg = Release|Any CPU
		{25D718B1-937C-40AB-B945-A3636E2B7E6F}.Release|Any CPU.Build.0 = Release|Any CPU
		{1368057C-3D9B-46E3-B916-6AE8DC72FB71}.Debug|Any CPU.ActiveCfg = Debug|Any CPU
		{1368057C-3D9B-46E3-B916-6AE8DC72FB71}.Debug|Any CPU.Build.0 = Debug|Any CPU
		{1368057C-3D9B-46E3-B916-6AE8DC72FB71}.Release|Any CPU.ActiveCfg = Release|Any CPU
		{1368057C-3D9B-46E3-B916-6AE8DC72FB71}.Release|Any CPU.Build.0 = Release|Any CPU
		{632E396A-F463-4F78-92B4-936B6D8D4D65}.Debug|Any CPU.ActiveCfg = Debug|Any CPU
		{632E396A-F463-4F78-92B4-936B6D8D4D65}.Debug|Any CPU.Build.0 = Debug|Any CPU
		{632E396A-F463-4F78-92B4-936B6D8D4D65}.Release|Any CPU.ActiveCfg = Release|Any CPU
		{632E396A-F463-4F78-92B4-936B6D8D4D65}.Release|Any CPU.Build.0 = Release|Any CPU
		{3CE79F39-7C40-469E-B700-3767E5778C24}.Debug|Any CPU.ActiveCfg = Debug|Any CPU
		{3CE79F39-7C40-469E-B700-3767E5778C24}.Debug|Any CPU.Build.0 = Debug|Any CPU
		{3CE79F39-7C40-469E-B700-3767E5778C24}.Release|Any CPU.ActiveCfg = Release|Any CPU
		{3CE79F39-7C40-469E-B700-3767E5778C24}.Release|Any CPU.Build.0 = Release|Any CPU
		{49349203-AD43-492F-9E49-A6C34290E1CA}.Debug|Any CPU.ActiveCfg = Debug|Any CPU
		{49349203-AD43-492F-9E49-A6C34290E1CA}.Debug|Any CPU.Build.0 = Debug|Any CPU
		{49349203-AD43-492F-9E49-A6C34290E1CA}.Release|Any CPU.ActiveCfg = Release|Any CPU
		{49349203-AD43-492F-9E49-A6C34290E1CA}.Release|Any CPU.Build.0 = Release|Any CPU
		{4D838824-FA5F-4404-8D43-9A791FC0C1A2}.Debug|Any CPU.ActiveCfg = Debug|Any CPU
		{4D838824-FA5F-4404-8D43-9A791FC0C1A2}.Debug|Any CPU.Build.0 = Debug|Any CPU
		{4D838824-FA5F-4404-8D43-9A791FC0C1A2}.Release|Any CPU.ActiveCfg = Release|Any CPU
		{4D838824-FA5F-4404-8D43-9A791FC0C1A2}.Release|Any CPU.Build.0 = Release|Any CPU
		{4A9E033F-EBA2-49EC-ACE9-156620F540BF}.Debug|Any CPU.ActiveCfg = Debug|Any CPU
		{4A9E033F-EBA2-49EC-ACE9-156620F540BF}.Debug|Any CPU.Build.0 = Debug|Any CPU
		{4A9E033F-EBA2-49EC-ACE9-156620F540BF}.Release|Any CPU.ActiveCfg = Release|Any CPU
		{4A9E033F-EBA2-49EC-ACE9-156620F540BF}.Release|Any CPU.Build.0 = Release|Any CPU
		{A70AD2BE-20E5-4D4F-802E-1AF53B686093}.Debug|Any CPU.ActiveCfg = Debug|Any CPU
		{A70AD2BE-20E5-4D4F-802E-1AF53B686093}.Debug|Any CPU.Build.0 = Debug|Any CPU
		{A70AD2BE-20E5-4D4F-802E-1AF53B686093}.Release|Any CPU.ActiveCfg = Release|Any CPU
		{A70AD2BE-20E5-4D4F-802E-1AF53B686093}.Release|Any CPU.Build.0 = Release|Any CPU
		{984BB731-557A-4AA2-A165-5769B2987534}.Debug|Any CPU.ActiveCfg = Debug|Any CPU
		{984BB731-557A-4AA2-A165-5769B2987534}.Debug|Any CPU.Build.0 = Debug|Any CPU
		{984BB731-557A-4AA2-A165-5769B2987534}.Release|Any CPU.ActiveCfg = Release|Any CPU
		{984BB731-557A-4AA2-A165-5769B2987534}.Release|Any CPU.Build.0 = Release|Any CPU
		{F106BBD8-E567-4BF2-A3A6-0E0C08829287}.Debug|Any CPU.ActiveCfg = Debug|Any CPU
		{F106BBD8-E567-4BF2-A3A6-0E0C08829287}.Debug|Any CPU.Build.0 = Debug|Any CPU
		{F106BBD8-E567-4BF2-A3A6-0E0C08829287}.Release|Any CPU.ActiveCfg = Release|Any CPU
		{F106BBD8-E567-4BF2-A3A6-0E0C08829287}.Release|Any CPU.Build.0 = Release|Any CPU
		{618999D1-7A1D-41BE-9F91-DAF138EAB7E0}.Debug|Any CPU.ActiveCfg = Debug|Any CPU
		{618999D1-7A1D-41BE-9F91-DAF138EAB7E0}.Debug|Any CPU.Build.0 = Debug|Any CPU
		{618999D1-7A1D-41BE-9F91-DAF138EAB7E0}.Release|Any CPU.ActiveCfg = Release|Any CPU
		{618999D1-7A1D-41BE-9F91-DAF138EAB7E0}.Release|Any CPU.Build.0 = Release|Any CPU
		{C7AA3C53-2ED5-4D55-9A7C-81BE5BB9B5BF}.Debug|Any CPU.ActiveCfg = Debug|Any CPU
		{C7AA3C53-2ED5-4D55-9A7C-81BE5BB9B5BF}.Debug|Any CPU.Build.0 = Debug|Any CPU
		{C7AA3C53-2ED5-4D55-9A7C-81BE5BB9B5BF}.Release|Any CPU.ActiveCfg = Release|Any CPU
		{C7AA3C53-2ED5-4D55-9A7C-81BE5BB9B5BF}.Release|Any CPU.Build.0 = Release|Any CPU
		{8B9EFB7E-DFE3-46BB-9B60-416624F17E6F}.Debug|Any CPU.ActiveCfg = Debug|Any CPU
		{8B9EFB7E-DFE3-46BB-9B60-416624F17E6F}.Debug|Any CPU.Build.0 = Debug|Any CPU
		{8B9EFB7E-DFE3-46BB-9B60-416624F17E6F}.Release|Any CPU.ActiveCfg = Release|Any CPU
		{8B9EFB7E-DFE3-46BB-9B60-416624F17E6F}.Release|Any CPU.Build.0 = Release|Any CPU
		{159E3178-51CC-45E2-8DDC-FDF6C6E64AC0}.Debug|Any CPU.ActiveCfg = Debug|Any CPU
		{159E3178-51CC-45E2-8DDC-FDF6C6E64AC0}.Debug|Any CPU.Build.0 = Debug|Any CPU
		{159E3178-51CC-45E2-8DDC-FDF6C6E64AC0}.Release|Any CPU.ActiveCfg = Release|Any CPU
		{159E3178-51CC-45E2-8DDC-FDF6C6E64AC0}.Release|Any CPU.Build.0 = Release|Any CPU
		{4B52A2FF-2912-4E0F-AB86-9D720441F110}.Debug|Any CPU.ActiveCfg = Debug|Any CPU
		{4B52A2FF-2912-4E0F-AB86-9D720441F110}.Debug|Any CPU.Build.0 = Debug|Any CPU
		{4B52A2FF-2912-4E0F-AB86-9D720441F110}.Release|Any CPU.ActiveCfg = Release|Any CPU
		{4B52A2FF-2912-4E0F-AB86-9D720441F110}.Release|Any CPU.Build.0 = Release|Any CPU
		{7DC412DF-9967-4C13-81F5-BBBE348ABB39}.Debug|Any CPU.ActiveCfg = Debug|Any CPU
		{7DC412DF-9967-4C13-81F5-BBBE348ABB39}.Debug|Any CPU.Build.0 = Debug|Any CPU
		{7DC412DF-9967-4C13-81F5-BBBE348ABB39}.Release|Any CPU.ActiveCfg = Release|Any CPU
		{7DC412DF-9967-4C13-81F5-BBBE348ABB39}.Release|Any CPU.Build.0 = Release|Any CPU
		{03C1FC56-9E47-4F34-ADB2-96952ABB24C8}.Debug|Any CPU.ActiveCfg = Debug|Any CPU
		{03C1FC56-9E47-4F34-ADB2-96952ABB24C8}.Debug|Any CPU.Build.0 = Debug|Any CPU
		{03C1FC56-9E47-4F34-ADB2-96952ABB24C8}.Release|Any CPU.ActiveCfg = Release|Any CPU
		{03C1FC56-9E47-4F34-ADB2-96952ABB24C8}.Release|Any CPU.Build.0 = Release|Any CPU
		{2938FC93-D2C2-47B9-918C-4C84E5DA6AEC}.Debug|Any CPU.ActiveCfg = Debug|Any CPU
		{2938FC93-D2C2-47B9-918C-4C84E5DA6AEC}.Debug|Any CPU.Build.0 = Debug|Any CPU
		{2938FC93-D2C2-47B9-918C-4C84E5DA6AEC}.Release|Any CPU.ActiveCfg = Release|Any CPU
		{2938FC93-D2C2-47B9-918C-4C84E5DA6AEC}.Release|Any CPU.Build.0 = Release|Any CPU
		{20D8A20F-A404-47B8-A2C6-A19C75A8F10B}.Debug|Any CPU.ActiveCfg = Debug|Any CPU
		{20D8A20F-A404-47B8-A2C6-A19C75A8F10B}.Debug|Any CPU.Build.0 = Debug|Any CPU
		{20D8A20F-A404-47B8-A2C6-A19C75A8F10B}.Release|Any CPU.ActiveCfg = Release|Any CPU
		{20D8A20F-A404-47B8-A2C6-A19C75A8F10B}.Release|Any CPU.Build.0 = Release|Any CPU
		{FB29A509-4F61-4070-A3B6-51E649ABCC8A}.Debug|Any CPU.ActiveCfg = Debug|Any CPU
		{FB29A509-4F61-4070-A3B6-51E649ABCC8A}.Debug|Any CPU.Build.0 = Debug|Any CPU
		{FB29A509-4F61-4070-A3B6-51E649ABCC8A}.Release|Any CPU.ActiveCfg = Release|Any CPU
		{FB29A509-4F61-4070-A3B6-51E649ABCC8A}.Release|Any CPU.Build.0 = Release|Any CPU
		{FA5AE7A5-5725-43EE-A1C9-3B433D587191}.Debug|Any CPU.ActiveCfg = Debug|Any CPU
		{FA5AE7A5-5725-43EE-A1C9-3B433D587191}.Debug|Any CPU.Build.0 = Debug|Any CPU
		{FA5AE7A5-5725-43EE-A1C9-3B433D587191}.Release|Any CPU.ActiveCfg = Release|Any CPU
		{FA5AE7A5-5725-43EE-A1C9-3B433D587191}.Release|Any CPU.Build.0 = Release|Any CPU
		{423AE1E8-D1D2-4E1E-8E27-2E1A04F5D8D8}.Debug|Any CPU.ActiveCfg = Debug|Any CPU
		{423AE1E8-D1D2-4E1E-8E27-2E1A04F5D8D8}.Debug|Any CPU.Build.0 = Debug|Any CPU
		{423AE1E8-D1D2-4E1E-8E27-2E1A04F5D8D8}.Release|Any CPU.ActiveCfg = Release|Any CPU
		{423AE1E8-D1D2-4E1E-8E27-2E1A04F5D8D8}.Release|Any CPU.Build.0 = Release|Any CPU
		{2FDDB418-ED3D-44E6-A5BF-E9CEBB9437ED}.Debug|Any CPU.ActiveCfg = Debug|Any CPU
		{2FDDB418-ED3D-44E6-A5BF-E9CEBB9437ED}.Debug|Any CPU.Build.0 = Debug|Any CPU
		{2FDDB418-ED3D-44E6-A5BF-E9CEBB9437ED}.Release|Any CPU.ActiveCfg = Release|Any CPU
		{2FDDB418-ED3D-44E6-A5BF-E9CEBB9437ED}.Release|Any CPU.Build.0 = Release|Any CPU
		{190F42CD-2886-4716-9016-6CF535A1598D}.Debug|Any CPU.ActiveCfg = Debug|Any CPU
		{190F42CD-2886-4716-9016-6CF535A1598D}.Debug|Any CPU.Build.0 = Debug|Any CPU
		{190F42CD-2886-4716-9016-6CF535A1598D}.Release|Any CPU.ActiveCfg = Release|Any CPU
		{190F42CD-2886-4716-9016-6CF535A1598D}.Release|Any CPU.Build.0 = Release|Any CPU
		{0ABEA73E-9ECB-409D-A651-E2A1CE36DCA5}.Debug|Any CPU.ActiveCfg = Debug|Any CPU
		{0ABEA73E-9ECB-409D-A651-E2A1CE36DCA5}.Debug|Any CPU.Build.0 = Debug|Any CPU
		{0ABEA73E-9ECB-409D-A651-E2A1CE36DCA5}.Release|Any CPU.ActiveCfg = Release|Any CPU
		{0ABEA73E-9ECB-409D-A651-E2A1CE36DCA5}.Release|Any CPU.Build.0 = Release|Any CPU
		{29D27F73-802A-4B8F-ADEA-283BEF7599AD}.Debug|Any CPU.ActiveCfg = Debug|Any CPU
		{29D27F73-802A-4B8F-ADEA-283BEF7599AD}.Debug|Any CPU.Build.0 = Debug|Any CPU
		{29D27F73-802A-4B8F-ADEA-283BEF7599AD}.Release|Any CPU.ActiveCfg = Release|Any CPU
		{29D27F73-802A-4B8F-ADEA-283BEF7599AD}.Release|Any CPU.Build.0 = Release|Any CPU
		{4937863E-19BD-48E4-B9FC-7DF6193C6790}.Debug|Any CPU.ActiveCfg = Debug|Any CPU
		{4937863E-19BD-48E4-B9FC-7DF6193C6790}.Debug|Any CPU.Build.0 = Debug|Any CPU
		{4937863E-19BD-48E4-B9FC-7DF6193C6790}.Release|Any CPU.ActiveCfg = Release|Any CPU
		{4937863E-19BD-48E4-B9FC-7DF6193C6790}.Release|Any CPU.Build.0 = Release|Any CPU
		{43FFD9E1-8C7C-4608-9995-5453006D9902}.Debug|Any CPU.ActiveCfg = Debug|Any CPU
		{43FFD9E1-8C7C-4608-9995-5453006D9902}.Debug|Any CPU.Build.0 = Debug|Any CPU
		{43FFD9E1-8C7C-4608-9995-5453006D9902}.Release|Any CPU.ActiveCfg = Release|Any CPU
		{43FFD9E1-8C7C-4608-9995-5453006D9902}.Release|Any CPU.Build.0 = Release|Any CPU
	EndGlobalSection
	GlobalSection(SolutionProperties) = preSolution
		HideSolutionNode = FALSE
	EndGlobalSection
	GlobalSection(NestedProjects) = preSolution
		{5E369526-C920-4013-9F1F-7CCC6D112359} = {28EBFA2D-3A87-42DE-9EA1-2EF1793102C2}
		{8E887A60-1719-4E70-9138-03C04412697E} = {942986B0-2EA2-45DA-A9B6-A36AB9439CFD}
		{B32E3089-319F-474E-BB59-CB704F8F0348} = {942986B0-2EA2-45DA-A9B6-A36AB9439CFD}
		{CA1650CD-7860-43DE-A826-8FAC0710EA38} = {942986B0-2EA2-45DA-A9B6-A36AB9439CFD}
		{DBC063FA-D5AE-4F64-A957-610EF579F93F} = {942986B0-2EA2-45DA-A9B6-A36AB9439CFD}
		{81D14D97-321C-4F34-B16D-99FAC6F51495} = {942986B0-2EA2-45DA-A9B6-A36AB9439CFD}
		{231F92BF-B51B-4998-8351-CA122AAE0994} = {942986B0-2EA2-45DA-A9B6-A36AB9439CFD}
		{198F3117-CF44-4066-A800-A8B573F5B7CC} = {942986B0-2EA2-45DA-A9B6-A36AB9439CFD}
		{B54372B0-B0F1-407E-A30B-75E205B48308} = {942986B0-2EA2-45DA-A9B6-A36AB9439CFD}
		{D0B95614-2C87-4A16-8E0F-64B72B270888} = {942986B0-2EA2-45DA-A9B6-A36AB9439CFD}
		{5217D64E-753E-4172-B4A9-B97564979A77} = {613B38D1-C9D1-43F3-9931-7B7BF34F9AAE}
		{C8DE2151-1D42-4907-AC75-CA46FFAD6F4D} = {613B38D1-C9D1-43F3-9931-7B7BF34F9AAE}
		{A2CE7575-FDB8-44F0-A3E4-0EA53E5E1A09} = {613B38D1-C9D1-43F3-9931-7B7BF34F9AAE}
		{6BC99ADA-87B7-4EEA-AD67-969654D12E53} = {613B38D1-C9D1-43F3-9931-7B7BF34F9AAE}
		{DC061D75-FA2B-497D-9EF5-C008D2177553} = {613B38D1-C9D1-43F3-9931-7B7BF34F9AAE}
		{0AB937FB-2DD1-4561-8092-6170EAE8691C} = {613B38D1-C9D1-43F3-9931-7B7BF34F9AAE}
		{6204898A-253B-4D83-A14A-547EF44DB4F1} = {613B38D1-C9D1-43F3-9931-7B7BF34F9AAE}
		{FA0CDE41-DE24-4DC3-B44C-6A51160058B3} = {613B38D1-C9D1-43F3-9931-7B7BF34F9AAE}
		{E55E4737-1A82-4837-8647-2FF28FEFB95C} = {0AED3CB8-8445-4868-9258-9571CB260487}
		{5B3C6033-0F4D-4621-9327-5C0E49C86D85} = {0AED3CB8-8445-4868-9258-9571CB260487}
		{5A5CCEA9-06C0-4A36-8202-338EACA1B0E5} = {0AED3CB8-8445-4868-9258-9571CB260487}
		{25D718B1-937C-40AB-B945-A3636E2B7E6F} = {0AED3CB8-8445-4868-9258-9571CB260487}
		{1368057C-3D9B-46E3-B916-6AE8DC72FB71} = {0AED3CB8-8445-4868-9258-9571CB260487}
		{632E396A-F463-4F78-92B4-936B6D8D4D65} = {0AED3CB8-8445-4868-9258-9571CB260487}
		{3CE79F39-7C40-469E-B700-3767E5778C24} = {0AED3CB8-8445-4868-9258-9571CB260487}
		{49349203-AD43-492F-9E49-A6C34290E1CA} = {0AED3CB8-8445-4868-9258-9571CB260487}
		{4D838824-FA5F-4404-8D43-9A791FC0C1A2} = {0AED3CB8-8445-4868-9258-9571CB260487}
		{4A9E033F-EBA2-49EC-ACE9-156620F540BF} = {0AED3CB8-8445-4868-9258-9571CB260487}
		{A70AD2BE-20E5-4D4F-802E-1AF53B686093} = {0AED3CB8-8445-4868-9258-9571CB260487}
		{984BB731-557A-4AA2-A165-5769B2987534} = {0AED3CB8-8445-4868-9258-9571CB260487}
		{F106BBD8-E567-4BF2-A3A6-0E0C08829287} = {0AED3CB8-8445-4868-9258-9571CB260487}
		{618999D1-7A1D-41BE-9F91-DAF138EAB7E0} = {0AED3CB8-8445-4868-9258-9571CB260487}
		{C7AA3C53-2ED5-4D55-9A7C-81BE5BB9B5BF} = {0AED3CB8-8445-4868-9258-9571CB260487}
		{8B9EFB7E-DFE3-46BB-9B60-416624F17E6F} = {0AED3CB8-8445-4868-9258-9571CB260487}
		{159E3178-51CC-45E2-8DDC-FDF6C6E64AC0} = {82DFE5E5-B00B-48DF-8AA0-632EA95A0F18}
		{4B52A2FF-2912-4E0F-AB86-9D720441F110} = {82DFE5E5-B00B-48DF-8AA0-632EA95A0F18}
		{7DC412DF-9967-4C13-81F5-BBBE348ABB39} = {82DFE5E5-B00B-48DF-8AA0-632EA95A0F18}
		{03C1FC56-9E47-4F34-ADB2-96952ABB24C8} = {82DFE5E5-B00B-48DF-8AA0-632EA95A0F18}
		{2938FC93-D2C2-47B9-918C-4C84E5DA6AEC} = {82DFE5E5-B00B-48DF-8AA0-632EA95A0F18}
		{20D8A20F-A404-47B8-A2C6-A19C75A8F10B} = {82DFE5E5-B00B-48DF-8AA0-632EA95A0F18}
		{FB29A509-4F61-4070-A3B6-51E649ABCC8A} = {82DFE5E5-B00B-48DF-8AA0-632EA95A0F18}
		{FA5AE7A5-5725-43EE-A1C9-3B433D587191} = {82DFE5E5-B00B-48DF-8AA0-632EA95A0F18}
		{423AE1E8-D1D2-4E1E-8E27-2E1A04F5D8D8} = {82DFE5E5-B00B-48DF-8AA0-632EA95A0F18}
		{2FDDB418-ED3D-44E6-A5BF-E9CEBB9437ED} = {82DFE5E5-B00B-48DF-8AA0-632EA95A0F18}
		{190F42CD-2886-4716-9016-6CF535A1598D} = {82DFE5E5-B00B-48DF-8AA0-632EA95A0F18}
		{0ABEA73E-9ECB-409D-A651-E2A1CE36DCA5} = {82DFE5E5-B00B-48DF-8AA0-632EA95A0F18}
		{29D27F73-802A-4B8F-ADEA-283BEF7599AD} = {82DFE5E5-B00B-48DF-8AA0-632EA95A0F18}
		{4937863E-19BD-48E4-B9FC-7DF6193C6790} = {82DFE5E5-B00B-48DF-8AA0-632EA95A0F18}
		{43FFD9E1-8C7C-4608-9995-5453006D9902} = {82DFE5E5-B00B-48DF-8AA0-632EA95A0F18}
	EndGlobalSection
	GlobalSection(ExtensibilityGlobals) = postSolution
		SolutionGuid = {C2E02B9E-3354-4966-A32F-61D31106C44A}
	EndGlobalSection
EndGlobal
